
Microsoft Visual Studio Solution File, Format Version 12.00
# Visual Studio 2012
Project("{FAE04EC0-301F-11D3-BF4B-00C04F79EFBC}") = "Simulation.Core", "Simulation.Core\Simulation.Core.csproj", "{8A2764A5-B73A-42E7-8AE1-1BCA3E834979}"
EndProject
Project("{FAE04EC0-301F-11D3-BF4B-00C04F79EFBC}") = "Simulation Testing", "Simulation Testing\Simulation Testing.csproj", "{5939B0FF-1323-492F-A73C-04846798A9A9}"
EndProject
Global
	GlobalSection(TeamFoundationVersionControl) = preSolution
		SccNumberOfProjects = 3
		SccEnterpriseProvider = {4CA58AB2-18FA-4F8D-95D4-32DDF27D184C}
		SccTeamFoundationServer = https://theuberger.visualstudio.com/defaultcollection
		SccLocalPath0 = .
		SccProjectUniqueName1 = Simulation\u0020Testing\\Simulation\u0020Testing.csproj
		SccProjectName1 = Simulation\u0020Testing
		SccLocalPath1 = Simulation\u0020Testing
		SccProjectUniqueName2 = Simulation.Core\\Simulation.Core.csproj
		SccProjectName2 = Simulation.Core
		SccLocalPath2 = Simulation.Core
	EndGlobalSection
	GlobalSection(SolutionConfigurationPlatforms) = preSolution
		Debug|Any CPU = Debug|Any CPU
		Release|Any CPU = Release|Any CPU
	EndGlobalSection
	GlobalSection(ProjectConfigurationPlatforms) = postSolution
		{8A2764A5-B73A-42E7-8AE1-1BCA3E834979}.Debug|Any CPU.ActiveCfg = Debug|Any CPU
		{8A2764A5-B73A-42E7-8AE1-1BCA3E834979}.Debug|Any CPU.Build.0 = Debug|Any CPU
		{8A2764A5-B73A-42E7-8AE1-1BCA3E834979}.Release|Any CPU.ActiveCfg = Release|Any CPU
		{8A2764A5-B73A-42E7-8AE1-1BCA3E834979}.Release|Any CPU.Build.0 = Release|Any CPU
		{5939B0FF-1323-492F-A73C-04846798A9A9}.Debug|Any CPU.ActiveCfg = Debug|Any CPU
		{5939B0FF-1323-492F-A73C-04846798A9A9}.Debug|Any CPU.Build.0 = Debug|Any CPU
		{5939B0FF-1323-492F-A73C-04846798A9A9}.Release|Any CPU.ActiveCfg = Release|Any CPU
		{5939B0FF-1323-492F-A73C-04846798A9A9}.Release|Any CPU.Build.0 = Release|Any CPU
	EndGlobalSection
	GlobalSection(SolutionProperties) = preSolution
		HideSolutionNode = FALSE
	EndGlobalSection
EndGlobal
